// !$*UTF8*$!
{
	archiveVersion = 1;
	classes = {
	};
	objectVersion = 46;
	objects = {

/* Begin PBXBuildFile section */
		CF13758717265040001FD196 /* UIKit.framework in Frameworks */ = {isa = PBXBuildFile; fileRef = CF13758617265040001FD196 /* UIKit.framework */; };
		CF13758917265040001FD196 /* Foundation.framework in Frameworks */ = {isa = PBXBuildFile; fileRef = CF13758817265040001FD196 /* Foundation.framework */; };
		CF13758B17265040001FD196 /* CoreGraphics.framework in Frameworks */ = {isa = PBXBuildFile; fileRef = CF13758A17265040001FD196 /* CoreGraphics.framework */; };
		CF13759117265040001FD196 /* InfoPlist.strings in Resources */ = {isa = PBXBuildFile; fileRef = CF13758F17265040001FD196 /* InfoPlist.strings */; };
		CF13759317265040001FD196 /* main.m in Sources */ = {isa = PBXBuildFile; fileRef = CF13759217265040001FD196 /* main.m */; };
		CF13759717265040001FD196 /* AppDelegate.m in Sources */ = {isa = PBXBuildFile; fileRef = CF13759617265040001FD196 /* AppDelegate.m */; };
		CF13759917265040001FD196 /* Default.png in Resources */ = {isa = PBXBuildFile; fileRef = CF13759817265040001FD196 /* Default.png */; };
		CF13759B17265040001FD196 /* Default@2x.png in Resources */ = {isa = PBXBuildFile; fileRef = CF13759A17265040001FD196 /* Default@2x.png */; };
		CF13759D17265040001FD196 /* Default-568h@2x.png in Resources */ = {isa = PBXBuildFile; fileRef = CF13759C17265040001FD196 /* Default-568h@2x.png */; };
		CF1375A017265040001FD196 /* MainStoryboard.storyboard in Resources */ = {isa = PBXBuildFile; fileRef = CF13759E17265040001FD196 /* MainStoryboard.storyboard */; };
		CF1375A317265040001FD196 /* ViewController.m in Sources */ = {isa = PBXBuildFile; fileRef = CF1375A217265040001FD196 /* ViewController.m */; };
		CF1375AA17265872001FD196 /* Parse.framework in Frameworks */ = {isa = PBXBuildFile; fileRef = CF1375A917265872001FD196 /* Parse.framework */; };
		CF1375AC172658F9001FD196 /* Accounts.framework in Frameworks */ = {isa = PBXBuildFile; fileRef = CF1375AB172658F9001FD196 /* Accounts.framework */; };
		CF1375AE172658FF001FD196 /* AdSupport.framework in Frameworks */ = {isa = PBXBuildFile; fileRef = CF1375AD172658FF001FD196 /* AdSupport.framework */; };
		CF1375B01726590C001FD196 /* Social.framework in Frameworks */ = {isa = PBXBuildFile; fileRef = CF1375AF1726590C001FD196 /* Social.framework */; };
		CF1375B217265917001FD196 /* AudioToolbox.framework in Frameworks */ = {isa = PBXBuildFile; fileRef = CF1375B117265917001FD196 /* AudioToolbox.framework */; };
		CF1375B517265936001FD196 /* CFNetwork.framework in Frameworks */ = {isa = PBXBuildFile; fileRef = CF1375B317265936001FD196 /* CFNetwork.framework */; };
		CF1375B617265936001FD196 /* CoreLocation.framework in Frameworks */ = {isa = PBXBuildFile; fileRef = CF1375B417265936001FD196 /* CoreLocation.framework */; };
		CF1375B91726597D001FD196 /* MobileCoreServices.framework in Frameworks */ = {isa = PBXBuildFile; fileRef = CF1375B71726597D001FD196 /* MobileCoreServices.framework */; };
		CF1375BA1726597D001FD196 /* QuartzCore.framework in Frameworks */ = {isa = PBXBuildFile; fileRef = CF1375B81726597D001FD196 /* QuartzCore.framework */; };
		CF1375BD17265995001FD196 /* Security.framework in Frameworks */ = {isa = PBXBuildFile; fileRef = CF1375BB17265995001FD196 /* Security.framework */; };
		CF1375BE17265995001FD196 /* StoreKit.framework in Frameworks */ = {isa = PBXBuildFile; fileRef = CF1375BC17265995001FD196 /* StoreKit.framework */; };
		CF1375C0172659A8001FD196 /* SystemConfiguration.framework in Frameworks */ = {isa = PBXBuildFile; fileRef = CF1375BF172659A8001FD196 /* SystemConfiguration.framework */; };
		CF1375C3172659E5001FD196 /* libsqlite3.dylib in Frameworks */ = {isa = PBXBuildFile; fileRef = CF1375C1172659E5001FD196 /* libsqlite3.dylib */; };
		CF1375C4172659E5001FD196 /* libz.1.1.3.dylib in Frameworks */ = {isa = PBXBuildFile; fileRef = CF1375C2172659E5001FD196 /* libz.1.1.3.dylib */; };
		CF91A8C01727BF1F00F5A50E /* VoteQuestions.csv in Resources */ = {isa = PBXBuildFile; fileRef = CF91A8BF1727BF1F00F5A50E /* VoteQuestions.csv */; };
/* End PBXBuildFile section */

/* Begin PBXFileReference section */
		CF13758317265040001FD196 /* ImageImportandExport.app */ = {isa = PBXFileReference; explicitFileType = wrapper.application; includeInIndex = 0; path = ImageImportandExport.app; sourceTree = BUILT_PRODUCTS_DIR; };
		CF13758617265040001FD196 /* UIKit.framework */ = {isa = PBXFileReference; lastKnownFileType = wrapper.framework; name = UIKit.framework; path = System/Library/Frameworks/UIKit.framework; sourceTree = SDKROOT; };
		CF13758817265040001FD196 /* Foundation.framework */ = {isa = PBXFileReference; lastKnownFileType = wrapper.framework; name = Foundation.framework; path = System/Library/Frameworks/Foundation.framework; sourceTree = SDKROOT; };
		CF13758A17265040001FD196 /* CoreGraphics.framework */ = {isa = PBXFileReference; lastKnownFileType = wrapper.framework; name = CoreGraphics.framework; path = System/Library/Frameworks/CoreGraphics.framework; sourceTree = SDKROOT; };
		CF13758E17265040001FD196 /* ImageImportandExport-Info.plist */ = {isa = PBXFileReference; lastKnownFileType = text.plist.xml; path = "ImageImportandExport-Info.plist"; sourceTree = "<group>"; };
		CF13759017265040001FD196 /* en */ = {isa = PBXFileReference; lastKnownFileType = text.plist.strings; name = en; path = en.lproj/InfoPlist.strings; sourceTree = "<group>"; };
		CF13759217265040001FD196 /* main.m */ = {isa = PBXFileReference; lastKnownFileType = sourcecode.c.objc; path = main.m; sourceTree = "<group>"; };
		CF13759417265040001FD196 /* ImageImportandExport-Prefix.pch */ = {isa = PBXFileReference; lastKnownFileType = sourcecode.c.h; path = "ImageImportandExport-Prefix.pch"; sourceTree = "<group>"; };
		CF13759517265040001FD196 /* AppDelegate.h */ = {isa = PBXFileReference; lastKnownFileType = sourcecode.c.h; path = AppDelegate.h; sourceTree = "<group>"; };
		CF13759617265040001FD196 /* AppDelegate.m */ = {isa = PBXFileReference; lastKnownFileType = sourcecode.c.objc; path = AppDelegate.m; sourceTree = "<group>"; };
		CF13759817265040001FD196 /* Default.png */ = {isa = PBXFileReference; lastKnownFileType = image.png; path = Default.png; sourceTree = "<group>"; };
		CF13759A17265040001FD196 /* Default@2x.png */ = {isa = PBXFileReference; lastKnownFileType = image.png; path = "Default@2x.png"; sourceTree = "<group>"; };
		CF13759C17265040001FD196 /* Default-568h@2x.png */ = {isa = PBXFileReference; lastKnownFileType = image.png; path = "Default-568h@2x.png"; sourceTree = "<group>"; };
		CF13759F17265040001FD196 /* en */ = {isa = PBXFileReference; lastKnownFileType = file.storyboard; name = en; path = en.lproj/MainStoryboard.storyboard; sourceTree = "<group>"; };
		CF1375A117265040001FD196 /* ViewController.h */ = {isa = PBXFileReference; lastKnownFileType = sourcecode.c.h; path = ViewController.h; sourceTree = "<group>"; };
		CF1375A217265040001FD196 /* ViewController.m */ = {isa = PBXFileReference; lastKnownFileType = sourcecode.c.objc; path = ViewController.m; sourceTree = "<group>"; };
		CF1375A917265872001FD196 /* Parse.framework */ = {isa = PBXFileReference; lastKnownFileType = wrapper.framework; path = Parse.framework; sourceTree = "<group>"; };
		CF1375AB172658F9001FD196 /* Accounts.framework */ = {isa = PBXFileReference; lastKnownFileType = wrapper.framework; name = Accounts.framework; path = System/Library/Frameworks/Accounts.framework; sourceTree = SDKROOT; };
		CF1375AD172658FF001FD196 /* AdSupport.framework */ = {isa = PBXFileReference; lastKnownFileType = wrapper.framework; name = AdSupport.framework; path = System/Library/Frameworks/AdSupport.framework; sourceTree = SDKROOT; };
		CF1375AF1726590C001FD196 /* Social.framework */ = {isa = PBXFileReference; lastKnownFileType = wrapper.framework; name = Social.framework; path = System/Library/Frameworks/Social.framework; sourceTree = SDKROOT; };
		CF1375B117265917001FD196 /* AudioToolbox.framework */ = {isa = PBXFileReference; lastKnownFileType = wrapper.framework; name = AudioToolbox.framework; path = System/Library/Frameworks/AudioToolbox.framework; sourceTree = SDKROOT; };
		CF1375B317265936001FD196 /* CFNetwork.framework */ = {isa = PBXFileReference; lastKnownFileType = wrapper.framework; name = CFNetwork.framework; path = System/Library/Frameworks/CFNetwork.framework; sourceTree = SDKROOT; };
		CF1375B417265936001FD196 /* CoreLocation.framework */ = {isa = PBXFileReference; lastKnownFileType = wrapper.framework; name = CoreLocation.framework; path = System/Library/Frameworks/CoreLocation.framework; sourceTree = SDKROOT; };
		CF1375B71726597D001FD196 /* MobileCoreServices.framework */ = {isa = PBXFileReference; lastKnownFileType = wrapper.framework; name = MobileCoreServices.framework; path = System/Library/Frameworks/MobileCoreServices.framework; sourceTree = SDKROOT; };
		CF1375B81726597D001FD196 /* QuartzCore.framework */ = {isa = PBXFileReference; lastKnownFileType = wrapper.framework; name = QuartzCore.framework; path = System/Library/Frameworks/QuartzCore.framework; sourceTree = SDKROOT; };
		CF1375BB17265995001FD196 /* Security.framework */ = {isa = PBXFileReference; lastKnownFileType = wrapper.framework; name = Security.framework; path = System/Library/Frameworks/Security.framework; sourceTree = SDKROOT; };
		CF1375BC17265995001FD196 /* StoreKit.framework */ = {isa = PBXFileReference; lastKnownFileType = wrapper.framework; name = StoreKit.framework; path = System/Library/Frameworks/StoreKit.framework; sourceTree = SDKROOT; };
		CF1375BF172659A8001FD196 /* SystemConfiguration.framework */ = {isa = PBXFileReference; lastKnownFileType = wrapper.framework; name = SystemConfiguration.framework; path = System/Library/Frameworks/SystemConfiguration.framework; sourceTree = SDKROOT; };
		CF1375C1172659E5001FD196 /* libsqlite3.dylib */ = {isa = PBXFileReference; lastKnownFileType = "compiled.mach-o.dylib"; name = libsqlite3.dylib; path = usr/lib/libsqlite3.dylib; sourceTree = SDKROOT; };
		CF1375C2172659E5001FD196 /* libz.1.1.3.dylib */ = {isa = PBXFileReference; lastKnownFileType = "compiled.mach-o.dylib"; name = libz.1.1.3.dylib; path = usr/lib/libz.1.1.3.dylib; sourceTree = SDKROOT; };
		CF91A8BF1727BF1F00F5A50E /* VoteQuestions.csv */ = {isa = PBXFileReference; fileEncoding = 4; lastKnownFileType = text; path = VoteQuestions.csv; sourceTree = "<group>"; };
/* End PBXFileReference section */

/* Begin PBXFrameworksBuildPhase section */
		CF13758017265040001FD196 /* Frameworks */ = {
			isa = PBXFrameworksBuildPhase;
			buildActionMask = 2147483647;
			files = (
				CF1375C3172659E5001FD196 /* libsqlite3.dylib in Frameworks */,
				CF1375C4172659E5001FD196 /* libz.1.1.3.dylib in Frameworks */,
				CF1375C0172659A8001FD196 /* SystemConfiguration.framework in Frameworks */,
				CF1375BD17265995001FD196 /* Security.framework in Frameworks */,
				CF1375BE17265995001FD196 /* StoreKit.framework in Frameworks */,
				CF1375B91726597D001FD196 /* MobileCoreServices.framework in Frameworks */,
				CF1375BA1726597D001FD196 /* QuartzCore.framework in Frameworks */,
				CF1375B517265936001FD196 /* CFNetwork.framework in Frameworks */,
				CF1375B617265936001FD196 /* CoreLocation.framework in Frameworks */,
				CF1375B217265917001FD196 /* AudioToolbox.framework in Frameworks */,
				CF1375B01726590C001FD196 /* Social.framework in Frameworks */,
				CF1375AE172658FF001FD196 /* AdSupport.framework in Frameworks */,
				CF1375AC172658F9001FD196 /* Accounts.framework in Frameworks */,
				CF13758717265040001FD196 /* UIKit.framework in Frameworks */,
				CF13758917265040001FD196 /* Foundation.framework in Frameworks */,
				CF13758B17265040001FD196 /* CoreGraphics.framework in Frameworks */,
				CF1375AA17265872001FD196 /* Parse.framework in Frameworks */,
			);
			runOnlyForDeploymentPostprocessing = 0;
		};
/* End PBXFrameworksBuildPhase section */

/* Begin PBXGroup section */
		CF13757A17265040001FD196 = {
			isa = PBXGroup;
			children = (
				CF13758C17265040001FD196 /* ImageImportandExport */,
				CF13758517265040001FD196 /* Frameworks */,
				CF13758417265040001FD196 /* Products */,
			);
			sourceTree = "<group>";
		};
		CF13758417265040001FD196 /* Products */ = {
			isa = PBXGroup;
			children = (
				CF13758317265040001FD196 /* ImageImportandExport.app */,
			);
			name = Products;
			sourceTree = "<group>";
		};
		CF13758517265040001FD196 /* Frameworks */ = {
			isa = PBXGroup;
			children = (
				CF1375C1172659E5001FD196 /* libsqlite3.dylib */,
				CF1375C2172659E5001FD196 /* libz.1.1.3.dylib */,
				CF1375BF172659A8001FD196 /* SystemConfiguration.framework */,
				CF1375BB17265995001FD196 /* Security.framework */,
				CF1375BC17265995001FD196 /* StoreKit.framework */,
				CF1375B71726597D001FD196 /* MobileCoreServices.framework */,
				CF1375B81726597D001FD196 /* QuartzCore.framework */,
				CF1375B317265936001FD196 /* CFNetwork.framework */,
				CF1375B417265936001FD196 /* CoreLocation.framework */,
				CF1375B117265917001FD196 /* AudioToolbox.framework */,
				CF1375AF1726590C001FD196 /* Social.framework */,
				CF1375AD172658FF001FD196 /* AdSupport.framework */,
				CF1375AB172658F9001FD196 /* Accounts.framework */,
				CF1375A917265872001FD196 /* Parse.framework */,
				CF13758617265040001FD196 /* UIKit.framework */,
				CF13758817265040001FD196 /* Foundation.framework */,
				CF13758A17265040001FD196 /* CoreGraphics.framework */,
			);
			name = Frameworks;
			sourceTree = "<group>";
		};
		CF13758C17265040001FD196 /* ImageImportandExport */ = {
			isa = PBXGroup;
			children = (
				CF13759517265040001FD196 /* AppDelegate.h */,
				CF13759617265040001FD196 /* AppDelegate.m */,
				CF13759E17265040001FD196 /* MainStoryboard.storyboard */,
				CF1375A117265040001FD196 /* ViewController.h */,
				CF1375A217265040001FD196 /* ViewController.m */,
				CF13758D17265040001FD196 /* Supporting Files */,
			);
			path = ImageImportandExport;
			sourceTree = "<group>";
		};
		CF13758D17265040001FD196 /* Supporting Files */ = {
			isa = PBXGroup;
			children = (
				EADC1A34175E16E0006D1FB6 /* VoteQuestionFolder */,
				CF91A8BF1727BF1F00F5A50E /* VoteQuestions.csv */,
				CF13758E17265040001FD196 /* ImageImportandExport-Info.plist */,
				CF13758F17265040001FD196 /* InfoPlist.strings */,
				CF13759217265040001FD196 /* main.m */,
				CF13759417265040001FD196 /* ImageImportandExport-Prefix.pch */,
				CF13759817265040001FD196 /* Default.png */,
				CF13759A17265040001FD196 /* Default@2x.png */,
				CF13759C17265040001FD196 /* Default-568h@2x.png */,
			);
			name = "Supporting Files";
			sourceTree = "<group>";
		};
		EADC1A34175E16E0006D1FB6 /* VoteQuestionFolder */ = {
			isa = PBXGroup;
			children = (
			);
			name = VoteQuestionFolder;
			sourceTree = "<group>";
		};
/* End PBXGroup section */

/* Begin PBXNativeTarget section */
		CF13758217265040001FD196 /* ImageImportandExport */ = {
			isa = PBXNativeTarget;
			buildConfigurationList = CF1375A617265040001FD196 /* Build configuration list for PBXNativeTarget "ImageImportandExport" */;
			buildPhases = (
				CF13757F17265040001FD196 /* Sources */,
				CF13758017265040001FD196 /* Frameworks */,
				CF13758117265040001FD196 /* Resources */,
			);
			buildRules = (
			);
			dependencies = (
			);
			name = ImageImportandExport;
			productName = ImageImportandExport;
			productReference = CF13758317265040001FD196 /* ImageImportandExport.app */;
			productType = "com.apple.product-type.application";
		};
/* End PBXNativeTarget section */

/* Begin PBXProject section */
		CF13757B17265040001FD196 /* Project object */ = {
			isa = PBXProject;
			attributes = {
				LastUpgradeCheck = 0460;
				ORGANIZATIONNAME = "Andrews Remigius";
			};
			buildConfigurationList = CF13757E17265040001FD196 /* Build configuration list for PBXProject "ImageImportandExport" */;
			compatibilityVersion = "Xcode 3.2";
			developmentRegion = English;
			hasScannedForEncodings = 0;
			knownRegions = (
				en,
			);
			mainGroup = CF13757A17265040001FD196;
			productRefGroup = CF13758417265040001FD196 /* Products */;
			projectDirPath = "";
			projectRoot = "";
			targets = (
				CF13758217265040001FD196 /* ImageImportandExport */,
			);
		};
/* End PBXProject section */

/* Begin PBXResourcesBuildPhase section */
		CF13758117265040001FD196 /* Resources */ = {
			isa = PBXResourcesBuildPhase;
			buildActionMask = 2147483647;
			files = (
				CF13759117265040001FD196 /* InfoPlist.strings in Resources */,
				CF13759917265040001FD196 /* Default.png in Resources */,
				CF13759B17265040001FD196 /* Default@2x.png in Resources */,
				CF13759D17265040001FD196 /* Default-568h@2x.png in Resources */,
				CF1375A017265040001FD196 /* MainStoryboard.storyboard in Resources */,
				CF91A8C01727BF1F00F5A50E /* VoteQuestions.csv in Resources */,
			);
			runOnlyForDeploymentPostprocessing = 0;
		};
/* End PBXResourcesBuildPhase section */

/* Begin PBXSourcesBuildPhase section */
		CF13757F17265040001FD196 /* Sources */ = {
			isa = PBXSourcesBuildPhase;
			buildActionMask = 2147483647;
			files = (
				CF13759317265040001FD196 /* main.m in Sources */,
				CF13759717265040001FD196 /* AppDelegate.m in Sources */,
				CF1375A317265040001FD196 /* ViewController.m in Sources */,
			);
			runOnlyForDeploymentPostprocessing = 0;
		};
/* End PBXSourcesBuildPhase section */

/* Begin PBXVariantGroup section */
		CF13758F17265040001FD196 /* InfoPlist.strings */ = {
			isa = PBXVariantGroup;
			children = (
				CF13759017265040001FD196 /* en */,
			);
			name = InfoPlist.strings;
			sourceTree = "<group>";
		};
		CF13759E17265040001FD196 /* MainStoryboard.storyboard */ = {
			isa = PBXVariantGroup;
			children = (
				CF13759F17265040001FD196 /* en */,
			);
			name = MainStoryboard.storyboard;
			sourceTree = "<group>";
		};
/* End PBXVariantGroup section */

/* Begin XCBuildConfiguration section */
		CF1375A417265040001FD196 /* Debug */ = {
			isa = XCBuildConfiguration;
			buildSettings = {
				ALWAYS_SEARCH_USER_PATHS = NO;
				CLANG_CXX_LANGUAGE_STANDARD = "gnu++0x";
				CLANG_CXX_LIBRARY = "libc++";
				CLANG_ENABLE_OBJC_ARC = YES;
				CLANG_WARN_CONSTANT_CONVERSION = YES;
				CLANG_WARN_EMPTY_BODY = YES;
				CLANG_WARN_ENUM_CONVERSION = YES;
				CLANG_WARN_INT_CONVERSION = YES;
				CLANG_WARN__DUPLICATE_METHOD_MATCH = YES;
				"CODE_SIGN_IDENTITY[sdk=iphoneos*]" = "iPhone Developer";
				COPY_PHASE_STRIP = NO;
				GCC_C_LANGUAGE_STANDARD = gnu99;
				GCC_DYNAMIC_NO_PIC = NO;
				GCC_OPTIMIZATION_LEVEL = 0;
				GCC_PREPROCESSOR_DEFINITIONS = (
					"DEBUG=1",
					"$(inherited)",
				);
				GCC_SYMBOLS_PRIVATE_EXTERN = NO;
				GCC_WARN_ABOUT_RETURN_TYPE = YES;
				GCC_WARN_UNINITIALIZED_AUTOS = YES;
				GCC_WARN_UNUSED_VARIABLE = YES;
				IPHONEOS_DEPLOYMENT_TARGET = 6.1;
				ONLY_ACTIVE_ARCH = YES;
				SDKROOT = iphoneos;
			};
			name = Debug;
		};
		CF1375A517265040001FD196 /* Release */ = {
			isa = XCBuildConfiguration;
			buildSettings = {
				ALWAYS_SEARCH_USER_PATHS = NO;
				CLANG_CXX_LANGUAGE_STANDARD = "gnu++0x";
				CLANG_CXX_LIBRARY = "libc++";
				CLANG_ENABLE_OBJC_ARC = YES;
				CLANG_WARN_CONSTANT_CONVERSION = YES;
				CLANG_WARN_EMPTY_BODY = YES;
				CLANG_WARN_ENUM_CONVERSION = YES;
				CLANG_WARN_INT_CONVERSION = YES;
				CLANG_WARN__DUPLICATE_METHOD_MATCH = YES;
				"CODE_SIGN_IDENTITY[sdk=iphoneos*]" = "iPhone Developer";
				COPY_PHASE_STRIP = YES;
				GCC_C_LANGUAGE_STANDARD = gnu99;
				GCC_WARN_ABOUT_RETURN_TYPE = YES;
				GCC_WARN_UNINITIALIZED_AUTOS = YES;
				GCC_WARN_UNUSED_VARIABLE = YES;
				IPHONEOS_DEPLOYMENT_TARGET = 6.1;
				OTHER_CFLAGS = "-DNS_BLOCK_ASSERTIONS=1";
				SDKROOT = iphoneos;
				VALIDATE_PRODUCT = YES;
			};
			name = Release;
		};
		CF1375A717265040001FD196 /* Debug */ = {
			isa = XCBuildConfiguration;
			buildSettings = {
				FRAMEWORK_SEARCH_PATHS = (
					"$(inherited)",
					"\"$(SRCROOT)\"",
				);
				GCC_PRECOMPILE_PREFIX_HEADER = YES;
				GCC_PREFIX_HEADER = "ImageImportandExport/ImageImportandExport-Prefix.pch";
				INFOPLIST_FILE = "ImageImportandExport/ImageImportandExport-Info.plist";
				PRODUCT_NAME = "$(TARGET_NAME)";
				WRAPPER_EXTENSION = app;
			};
			name = Debug;
		};
		CF1375A817265040001FD196 /* Release */ = {
			isa = XCBuildConfiguration;
			buildSettings = {
				FRAMEWORK_SEARCH_PATHS = (
					"$(inherited)",
					"\"$(SRCROOT)\"",
				);
				GCC_PRECOMPILE_PREFIX_HEADER = YES;
				GCC_PREFIX_HEADER = "ImageImportandExport/ImageImportandExport-Prefix.pch";
				INFOPLIST_FILE = "ImageImportandExport/ImageImportandExport-Info.plist";
				PRODUCT_NAME = "$(TARGET_NAME)";
				WRAPPER_EXTENSION = app;
			};
			name = Release;
		};
/* End XCBuildConfiguration section */

/* Begin XCConfigurationList section */
		CF13757E17265040001FD196 /* Build configuration list for PBXProject "ImageImportandExport" */ = {
			isa = XCConfigurationList;
			buildConfigurations = (
				CF1375A417265040001FD196 /* Debug */,
				CF1375A517265040001FD196 /* Release */,
			);
			defaultConfigurationIsVisible = 0;
			defaultConfigurationName = Release;
		};
		CF1375A617265040001FD196 /* Build configuration list for PBXNativeTarget "ImageImportandExport" */ = {
			isa = XCConfigurationList;
			buildConfigurations = (
				CF1375A717265040001FD196 /* Debug */,
				CF1375A817265040001FD196 /* Release */,
			);
			defaultConfigurationIsVisible = 0;
			defaultConfigurationName = Release;
		};
/* End XCConfigurationList section */
	};
	rootObject = CF13757B17265040001FD196 /* Project object */;
}
